
Microsoft Visual Studio Solution File, Format Version 11.00
# Visual Basic Express 2010
Project("{F184B08F-C81C-45F6-A57F-5ABD9991F28F}") = "CellGame", "CellGame\CellGame.vbproj", "{1D425276-7BD9-4AB0-98F3-2E3C1056D19E}"
EndProject
Global
	GlobalSection(SolutionConfigurationPlatforms) = preSolution
		Debug|Any CPU = Debug|Any CPU
		Release|Any CPU = Release|Any CPU
	EndGlobalSection
	GlobalSection(ProjectConfigurationPlatforms) = postSolution
		{1D425276-7BD9-4AB0-98F3-2E3C1056D19E}.Debug|Any CPU.ActiveCfg = Debug|Any CPU
		{1D425276-7BD9-4AB0-98F3-2E3C1056D19E}.Debug|Any CPU.Build.0 = Debug|Any CPU
		{1D425276-7BD9-4AB0-98F3-2E3C1056D19E}.Release|Any CPU.ActiveCfg = Release|Any CPU
		{1D425276-7BD9-4AB0-98F3-2E3C1056D19E}.Release|Any CPU.Build.0 = Release|Any CPU
	EndGlobalSection
	GlobalSection(SolutionProperties) = preSolution
		HideSolutionNode = FALSE
	EndGlobalSection
EndGlobal
